PODS:
  - "app_settings (3.0.0+1)":
    - Flutter
  - BaiduMapKit/Base (6.5.3)
  - BaiduMapKit/Map (6.5.3):
    - BaiduMapKit/Base
  - BaiduMapKit/Utils (6.5.3):
    - BaiduMapKit/Base
  - BMKLocationKit (2.0.5)
  - camera_avfoundation (0.0.1):
    - Flutter
  - control_center (0.0.1):
    - Flutter
  - device_info_plus (0.0.1):
    - Flutter
  - Flutter (1.0.0)
  - flutter_baidu_mapapi_base (3.3.0):
    - BaiduMapKit/Utils (= 6.5.3)
    - Flutter
  - flutter_baidu_mapapi_map (3.3.0):
    - BaiduMapKit/Map (= 6.5.3)
    - Flutter
    - flutter_baidu_mapapi_base
  - flutter_bmflocation (2.0.1):
    - BMKLocationKit (~> 2.0.4)
    - Flutter
  - flutter_sim_country_code (0.0.1):
    - Flutter
  - gallery_saver (0.0.1):
    - Flutter
  - image_gallery_saver (1.5.0):
    - Flutter
  - image_picker_ios (0.0.1):
    - Flutter
  - images_picker (0.0.1):
    - Flutter
    - ZLPhotoBrowser (= 4.2.5)
  - libwebp (1.2.4):
    - libwebp/demux (= 1.2.4)
    - libwebp/mux (= 1.2.4)
    - libwebp/webp (= 1.2.4)
  - libwebp/demux (1.2.4):
    - libwebp/webp
  - libwebp/mux (1.2.4):
    - libwebp/demux
  - libwebp/webp (1.2.4)
  - path_provider_foundation (0.0.1):
    - Flutter
    - FlutterMacOS
  - permission_handler_apple (9.0.4):
    - Flutter
  - photo_manager (2.0.0):
    - Flutter
    - FlutterMacOS
  - scan (0.0.1):
    - Flutter
  - shared_preferences_ios (0.0.1):
    - Flutter
  - torch_light (0.0.1):
    - Flutter
  - video_compress (0.3.0):
    - Flutter
  - video_player_avfoundation (0.0.1):
    - Flutter
  - video_thumbnail (0.0.1):
    - Flutter
    - libwebp
  - webview_flutter_wkwebview (0.0.1):
    - Flutter
  - ZLPhotoBrowser (4.2.5):
    - ZLPhotoBrowser/Core (= 4.2.5)
  - ZLPhotoBrowser/Core (4.2.5)

DEPENDENCIES:
  - app_settings (from `.symlinks/plugins/app_settings/ios`)
  - camera_avfoundation (from `.symlinks/plugins/camera_avfoundation/ios`)
  - control_center (from `.symlinks/plugins/control_center/ios`)
  - device_info_plus (from `.symlinks/plugins/device_info_plus/ios`)
  - Flutter (from `Flutter`)
  - flutter_baidu_mapapi_base (from `.symlinks/plugins/flutter_baidu_mapapi_base/ios`)
  - flutter_baidu_mapapi_map (from `.symlinks/plugins/flutter_baidu_mapapi_map/ios`)
  - flutter_bmflocation (from `.symlinks/plugins/flutter_bmflocation/ios`)
  - flutter_sim_country_code (from `.symlinks/plugins/flutter_sim_country_code/ios`)
  - gallery_saver (from `.symlinks/plugins/gallery_saver/ios`)
  - image_gallery_saver (from `.symlinks/plugins/image_gallery_saver/ios`)
  - image_picker_ios (from `.symlinks/plugins/image_picker_ios/ios`)
  - images_picker (from `.symlinks/plugins/images_picker/ios`)
  - path_provider_foundation (from `.symlinks/plugins/path_provider_foundation/ios`)
  - permission_handler_apple (from `.symlinks/plugins/permission_handler_apple/ios`)
  - photo_manager (from `.symlinks/plugins/photo_manager/ios`)
  - scan (from `.symlinks/plugins/scan/ios`)
  - shared_preferences_ios (from `.symlinks/plugins/shared_preferences_ios/ios`)
  - torch_light (from `.symlinks/plugins/torch_light/ios`)
  - video_compress (from `.symlinks/plugins/video_compress/ios`)
  - video_player_avfoundation (from `.symlinks/plugins/video_player_avfoundation/ios`)
  - video_thumbnail (from `.symlinks/plugins/video_thumbnail/ios`)
  - webview_flutter_wkwebview (from `.symlinks/plugins/webview_flutter_wkwebview/ios`)

SPEC REPOS:
  trunk:
    - BaiduMapKit
    - BMKLocationKit
    - libwebp
    - ZLPhotoBrowser

EXTERNAL SOURCES:
  app_settings:
    :path: ".symlinks/plugins/app_settings/ios"
  camera_avfoundation:
    :path: ".symlinks/plugins/camera_avfoundation/ios"
  control_center:
    :path: ".symlinks/plugins/control_center/ios"
  device_info_plus:
    :path: ".symlinks/plugins/device_info_plus/ios"
  Flutter:
    :path: Flutter
  flutter_baidu_mapapi_base:
    :path: ".symlinks/plugins/flutter_baidu_mapapi_base/ios"
  flutter_baidu_mapapi_map:
    :path: ".symlinks/plugins/flutter_baidu_mapapi_map/ios"
  flutter_bmflocation:
    :path: ".symlinks/plugins/flutter_bmflocation/ios"
  flutter_sim_country_code:
    :path: ".symlinks/plugins/flutter_sim_country_code/ios"
  gallery_saver:
    :path: ".symlinks/plugins/gallery_saver/ios"
  image_gallery_saver:
    :path: ".symlinks/plugins/image_gallery_saver/ios"
  image_picker_ios:
    :path: ".symlinks/plugins/image_picker_ios/ios"
  images_picker:
    :path: ".symlinks/plugins/images_picker/ios"
  path_provider_foundation:
    :path: ".symlinks/plugins/path_provider_foundation/ios"
  permission_handler_apple:
    :path: ".symlinks/plugins/permission_handler_apple/ios"
  photo_manager:
    :path: ".symlinks/plugins/photo_manager/ios"
  scan:
    :path: ".symlinks/plugins/scan/ios"
  shared_preferences_ios:
    :path: ".symlinks/plugins/shared_preferences_ios/ios"
  torch_light:
    :path: ".symlinks/plugins/torch_light/ios"
  video_compress:
    :path: ".symlinks/plugins/video_compress/ios"
  video_player_avfoundation:
    :path: ".symlinks/plugins/video_player_avfoundation/ios"
  video_thumbnail:
    :path: ".symlinks/plugins/video_thumbnail/ios"
  webview_flutter_wkwebview:
    :path: ".symlinks/plugins/webview_flutter_wkwebview/ios"

SPEC CHECKSUMS:
  app_settings: d103828c9f5d515c4df9ee754dabd443f7cedcf3
  BaiduMapKit: 54623026cd183511b1525a448094211d4fd5d646
  BMKLocationKit: c0a4266f84ad2a3296df8c24f14f0ed20dbbf0ee
  camera_avfoundation: 07c77549ea54ad95d8581be86617c094a46280d9
  control_center: 81cb8ed4c5a033315621ebc2368ee4ee1149fded
  device_info_plus: e5c5da33f982a436e103237c0c85f9031142abed
  Flutter: f04841e97a9d0b0a8025694d0796dd46242b2854
  flutter_baidu_mapapi_base: 58a3649c5f54636944e771745628238ca14bc728
  flutter_baidu_mapapi_map: 8ec980c0224ec6977d1bfeeb0cf9b8d7f38381c3
  flutter_bmflocation: 1bd73181196567fe1529f765aa4f8e2615a8a3cf
  flutter_sim_country_code: 364e91e71f067cdec1dd1228eb4d1f13ab1a54e5
  gallery_saver: 9fc173c9f4fcc48af53b2a9ebea1b643255be542
  image_gallery_saver: 259eab68fb271cfd57d599904f7acdc7832e7ef2
  image_picker_ios: b786a5dcf033a8336a657191401bfdf12017dabb
  images_picker: fa9364e3a7d3083c49f865fcfb2b9e7cdc574d3a
  libwebp: f62cb61d0a484ba548448a4bd52aabf150ff6eef
  path_provider_foundation: 37748e03f12783f9de2cb2c4eadfaa25fe6d4852
  permission_handler_apple: 44366e37eaf29454a1e7b1b7d736c2cceaeb17ce
  photo_manager: 4f6810b7dfc4feb03b461ac1a70dacf91fba7604
  scan: aea35bb4aa59ccc8839c576a18cd57c7d492cc86
  shared_preferences_ios: 548a61f8053b9b8a49ac19c1ffbc8b92c50d68ad
  torch_light: 682062fa12102172fa38b6b14c106d93b060f83e
  video_compress: fce97e4fb1dfd88175aa07d2ffc8a2f297f87fbe
  video_player_avfoundation: e489aac24ef5cf7af82702979ed16f2a5ef84cff
  video_thumbnail: c4e2a3c539e247d4de13cd545344fd2d26ffafd1
  webview_flutter_wkwebview: 2e2d318f21a5e036e2c3f26171342e95908bd60a
  ZLPhotoBrowser: 4bfab86b851042e18d7f413284472aa68759626a

PODFILE CHECKSUM: dc4994ccae5d52b617171c0acb6f80ac1b7a9983

COCOAPODS: 1.11.3
